{
    "_readme": [
        "This file locks the dependencies of your project to a known state",
        "Read more about it at https://getcomposer.org/doc/01-basic-usage.md#installing-dependencies",
        "This file is @generated automatically"
    ],
    "content-hash": "a4e81a5a21e9f948df94d84437d9fa1e",
    "packages": [
        {
            "name": "brotkrueml/jobrouter-client",
            "version": "v1.1.1",
            "source": {
                "type": "git",
                "url": "https://github.com/brotkrueml/jobrouter-client.git",
                "reference": "13b5186e00c1b91dddde2436c3770509749fb2d6"
            },
            "dist": {
                "type": "zip",
                "url": "https://api.github.com/repos/brotkrueml/jobrouter-client/zipball/13b5186e00c1b91dddde2436c3770509749fb2d6",
                "reference": "13b5186e00c1b91dddde2436c3770509749fb2d6",
                "shasum": ""
            },
            "require": {
                "ext-curl": "*",
                "ext-json": "*",
                "kriswallsmith/buzz": "^1.2",
                "nyholm/psr7": "^1.3",
                "php": ">=7.3",
                "symfony/polyfill-php80": "^1.18"
            },
            "require-dev": {
                "brotkrueml/coding-standards": "~1.1.0",
                "captainhook/captainhook": "^5.10",
                "donatj/mock-webserver": "dev-php81",
                "ergebnis/composer-normalize": "^2.15",
                "infection/infection": "^0.25",
                "mikey179/vfsstream": "^1.6.10",
                "php-coveralls/php-coveralls": "^2.4",
                "phpstan/extension-installer": "^1.1",
                "phpstan/phpstan": "^0.12.99",
                "phpunit/phpunit": "^9.5",
                "rector/rector": "^0.11.60",
                "symplify/phpstan-rules": "^9.3"
            },
            "type": "library",
            "extra": {
                "branch-alias": {
                    "dev-master": "1.1.0-dev"
                }
            },
            "autoload": {
                "psr-4": {
                    "Brotkrueml\\JobRouterClient\\": "src/"
                }
            },
            "notification-url": "https://packagist.org/downloads/",
            "license": [
                "GPL-2.0-or-later"
            ],
            "authors": [
                {
                    "name": "Chris Müller",
                    "role": "Developer"
                }
            ],
            "description": "Rest client for the JobRouter® digitisation platform",
            "keywords": [
                "jobrouter",
                "rest client"
            ],
            "support": {
                "docs": "https://jobrouter-client.readthedocs.io/",
                "issues": "https://github.com/brotkrueml/jobrouter-client/issues",
                "source": "https://github.com/brotkrueml/jobrouter-client"
            },
            "time": "2021-10-24T11:51:26+00:00"
        },
        {
            "name": "kriswallsmith/buzz",
            "version": "1.2.0",
            "source": {
                "type": "git",
                "url": "https://github.com/kriswallsmith/Buzz.git",
                "reference": "e7468d13f33fb6656068372533f2a446602fef09"
            },
            "dist": {
                "type": "zip",
                "url": "https://api.github.com/repos/kriswallsmith/Buzz/zipball/e7468d13f33fb6656068372533f2a446602fef09",
                "reference": "e7468d13f33fb6656068372533f2a446602fef09",
                "shasum": ""
            },
            "require": {
                "php": "^7.1 || ^8.0",
                "php-http/httplug": "^1.1 || ^2.0",
                "psr/http-client": "^1.0",
                "psr/http-factory": "^1.0",
                "psr/http-message": "^1.0",
                "symfony/options-resolver": "^3.4 || ^4.0 || ^5.0"
            },
            "provide": {
                "php-http/client-implementation": "1.0",
                "psr/http-client-implementation": "1.0"
            },
            "require-dev": {
                "nyholm/psr7": "^1.0",
                "php-http/client-integration-tests": "^3.0",
                "phpunit/phpunit": "^7.5 || ^9.4",
                "psr/log": "^1.0"
            },
            "suggest": {
                "ext-curl": "To use our cUrl clients",
                "nyholm/psr7": "For PSR-7 and PSR-17 implementation"
            },
            "type": "library",
            "autoload": {
                "psr-4": {
                    "Buzz\\": "lib"
                }
            },
            "notification-url": "https://packagist.org/downloads/",
            "license": [
                "MIT"
            ],
            "authors": [
                {
                    "name": "Kris Wallsmith",
                    "email": "kris.wallsmith@gmail.com",
                    "homepage": "https://kriswallsmith.net/"
                },
                {
                    "name": "Tobias Nyholm",
                    "email": "tobias.nyholm@gmail.com",
                    "homepage": "https://tnyholm.se/"
                }
            ],
            "description": "Lightweight HTTP client",
            "homepage": "https://github.com/kriswallsmith/Buzz",
            "keywords": [
                "curl",
                "http client"
            ],
            "support": {
                "issues": "https://github.com/kriswallsmith/Buzz/issues",
                "source": "https://github.com/kriswallsmith/Buzz/tree/1.2.0"
            },
            "time": "2020-10-22T09:05:42+00:00"
        },
        {
            "name": "nyholm/psr7",
            "version": "1.4.1",
            "source": {
                "type": "git",
                "url": "https://github.com/Nyholm/psr7.git",
                "reference": "2212385b47153ea71b1c1b1374f8cb5e4f7892ec"
            },
            "dist": {
                "type": "zip",
                "url": "https://api.github.com/repos/Nyholm/psr7/zipball/2212385b47153ea71b1c1b1374f8cb5e4f7892ec",
                "reference": "2212385b47153ea71b1c1b1374f8cb5e4f7892ec",
                "shasum": ""
            },
            "require": {
                "php": ">=7.1",
                "php-http/message-factory": "^1.0",
                "psr/http-factory": "^1.0",
                "psr/http-message": "^1.0"
            },
            "provide": {
                "psr/http-factory-implementation": "1.0",
                "psr/http-message-implementation": "1.0"
            },
            "require-dev": {
                "http-interop/http-factory-tests": "^0.9",
                "php-http/psr7-integration-tests": "^1.0",
                "phpunit/phpunit": "^7.5 || 8.5 || 9.4",
                "symfony/error-handler": "^4.4"
            },
            "type": "library",
            "extra": {
                "branch-alias": {
                    "dev-master": "1.4-dev"
                }
            },
            "autoload": {
                "psr-4": {
                    "Nyholm\\Psr7\\": "src/"
                }
            },
            "notification-url": "https://packagist.org/downloads/",
            "license": [
                "MIT"
            ],
            "authors": [
                {
                    "name": "Tobias Nyholm",
                    "email": "tobias.nyholm@gmail.com"
                },
                {
                    "name": "Martijn van der Ven",
                    "email": "martijn@vanderven.se"
                }
            ],
            "description": "A fast PHP7 implementation of PSR-7",
            "homepage": "https://tnyholm.se",
            "keywords": [
                "psr-17",
                "psr-7"
            ],
            "support": {
                "issues": "https://github.com/Nyholm/psr7/issues",
                "source": "https://github.com/Nyholm/psr7/tree/1.4.1"
            },
            "funding": [
                {
                    "url": "https://github.com/Zegnat",
                    "type": "github"
                },
                {
                    "url": "https://github.com/nyholm",
                    "type": "github"
                }
            ],
            "time": "2021-07-02T08:32:20+00:00"
        }
    ],
    "packages-dev": [],
    "aliases": [],
    "minimum-stability": "stable",
    "stability-flags": [],
    "prefer-stable": false,
    "prefer-lowest": false,
    "platform": {
        "php": "7.3.*"
    },
    "platform-dev": [],
    "plugin-api-version": "2.1.0"
}
